# This file is automatically @generated by Cargo.
# It is not intended for manual editing.
version = 3

[[package]]
name = "cfg-if"
version = "0.1.10"
source = "registry+https://github.com/rust-lang/crates.io-index"
checksum = "4785bdd1c96b2a846b2bd7cc02e86b6b3dbf14e7e53446c4f54c92a361040822"

[[package]]
name = "ifstructs"
version = "0.1.1"
source = "registry+https://github.com/rust-lang/crates.io-index"
checksum = "b24d770f92a5ea876a33851b16553f21985bb83e7fe8e7e1f596ad75545e9581"
dependencies = [
 "cfg-if",
 "libc",
]

[[package]]
name = "libc"
version = "0.2.153"
source = "registry+https://github.com/rust-lang/crates.io-index"
checksum = "9c198f91728a82281a64e1f4f9eeb25d82cb32a5de251c6bd1b5154d63a8e7bd"

[[package]]
name = "tcp-ip"
version = "0.1.0"
dependencies = [
 "ifstructs",
 "libc",
]
